
Microsoft Visual Studio Solution File, Format Version 12.00
Project("{FAE04EC0-301F-11D3-BF4B-00C04F79EFBC}") = "Importer", "Importer\Importer.csproj", "{AEA803E8-B072-4529-A966-E94C3F91DD5D}"
EndProject
Project("{FAE04EC0-301F-11D3-BF4B-00C04F79EFBC}") = "Importer.Cli", "Importer.Cli\Importer.Cli.csproj", "{C4710DEF-C5E5-4F3A-913C-8EB1E3772F05}"
EndProject
Project("{FAE04EC0-301F-11D3-BF4B-00C04F79EFBC}") = "Importer.Metrics", "Importer.Metrics\Importer.Metrics.csproj", "{DA90B38D-8584-40BD-9952-7645424817AE}"
EndProject
Project("{FAE04EC0-301F-11D3-BF4B-00C04F79EFBC}") = "Perf", "Perf\Perf.csproj", "{1C56E0E0-4EFB-4833-B321-526FD00C1DC1}"
EndProject
Project("{2150E333-8FDC-42A3-9474-1A3956D46DE8}") = "Distributed", "Distributed", "{51F70612-8302-4624-9F43-373DF0A3C25A}"
EndProject
Project("{FAE04EC0-301F-11D3-BF4B-00C04F79EFBC}") = "Importer.Reader", "Importer.Reader\Importer.Reader.csproj", "{C6E40E81-96C4-45CB-95AA-6D1A015437CD}"
EndProject
Project("{2150E333-8FDC-42A3-9474-1A3956D46DE8}") = "Silos", "Silos", "{767E532D-5C09-4A3D-B895-570FB0A78796}"
EndProject
Global
	GlobalSection(SolutionConfigurationPlatforms) = preSolution
		Debug|Any CPU = Debug|Any CPU
		Release|Any CPU = Release|Any CPU
	EndGlobalSection
	GlobalSection(ProjectConfigurationPlatforms) = postSolution
		{AEA803E8-B072-4529-A966-E94C3F91DD5D}.Debug|Any CPU.ActiveCfg = Debug|Any CPU
		{AEA803E8-B072-4529-A966-E94C3F91DD5D}.Debug|Any CPU.Build.0 = Debug|Any CPU
		{AEA803E8-B072-4529-A966-E94C3F91DD5D}.Release|Any CPU.ActiveCfg = Release|Any CPU
		{AEA803E8-B072-4529-A966-E94C3F91DD5D}.Release|Any CPU.Build.0 = Release|Any CPU
		{C4710DEF-C5E5-4F3A-913C-8EB1E3772F05}.Debug|Any CPU.ActiveCfg = Debug|Any CPU
		{C4710DEF-C5E5-4F3A-913C-8EB1E3772F05}.Debug|Any CPU.Build.0 = Debug|Any CPU
		{C4710DEF-C5E5-4F3A-913C-8EB1E3772F05}.Release|Any CPU.ActiveCfg = Release|Any CPU
		{C4710DEF-C5E5-4F3A-913C-8EB1E3772F05}.Release|Any CPU.Build.0 = Release|Any CPU
		{DA90B38D-8584-40BD-9952-7645424817AE}.Debug|Any CPU.ActiveCfg = Debug|Any CPU
		{DA90B38D-8584-40BD-9952-7645424817AE}.Debug|Any CPU.Build.0 = Debug|Any CPU
		{DA90B38D-8584-40BD-9952-7645424817AE}.Release|Any CPU.ActiveCfg = Release|Any CPU
		{DA90B38D-8584-40BD-9952-7645424817AE}.Release|Any CPU.Build.0 = Release|Any CPU
		{1C56E0E0-4EFB-4833-B321-526FD00C1DC1}.Debug|Any CPU.ActiveCfg = Debug|Any CPU
		{1C56E0E0-4EFB-4833-B321-526FD00C1DC1}.Debug|Any CPU.Build.0 = Debug|Any CPU
		{1C56E0E0-4EFB-4833-B321-526FD00C1DC1}.Release|Any CPU.ActiveCfg = Release|Any CPU
		{1C56E0E0-4EFB-4833-B321-526FD00C1DC1}.Release|Any CPU.Build.0 = Release|Any CPU
		{C6E40E81-96C4-45CB-95AA-6D1A015437CD}.Debug|Any CPU.ActiveCfg = Debug|Any CPU
		{C6E40E81-96C4-45CB-95AA-6D1A015437CD}.Debug|Any CPU.Build.0 = Debug|Any CPU
		{C6E40E81-96C4-45CB-95AA-6D1A015437CD}.Release|Any CPU.ActiveCfg = Release|Any CPU
		{C6E40E81-96C4-45CB-95AA-6D1A015437CD}.Release|Any CPU.Build.0 = Release|Any CPU
	EndGlobalSection
	GlobalSection(NestedProjects) = preSolution
		{767E532D-5C09-4A3D-B895-570FB0A78796} = {51F70612-8302-4624-9F43-373DF0A3C25A}
		{C6E40E81-96C4-45CB-95AA-6D1A015437CD} = {767E532D-5C09-4A3D-B895-570FB0A78796}
	EndGlobalSection
EndGlobal
